
Microsoft Visual Studio Solution File, Format Version 12.00
# Visual Studio Version 17
VisualStudioVersion = 17.3.32929.385
MinimumVisualStudioVersion = 10.0.40219.1
Project("{FAE04EC0-301F-11D3-BF4B-00C04F79EFBC}") = "Khararchan.Server", "Khararchan\Server\Khararchan.Server.csproj", "{CE08EFC6-398A-437B-AEF5-407F699862B6}"
EndProject
Project("{FAE04EC0-301F-11D3-BF4B-00C04F79EFBC}") = "Khararchan.Client", "Khararchan\Client\Khararchan.Client.csproj", "{3F3D67D4-FD8B-449E-AD37-370B7121D666}"
EndProject
Project("{FAE04EC0-301F-11D3-BF4B-00C04F79EFBC}") = "Khararchan.Shared", "Khararchan\Shared\Khararchan.Shared.csproj", "{CBA17405-2DC3-4B9A-80AC-135005B648C2}"
EndProject
Global
	GlobalSection(SolutionConfigurationPlatforms) = preSolution
		Debug|Any CPU = Debug|Any CPU
		Release|Any CPU = Release|Any CPU
	EndGlobalSection
	GlobalSection(ProjectConfigurationPlatforms) = postSolution
		{CE08EFC6-398A-437B-AEF5-407F699862B6}.Debug|Any CPU.ActiveCfg = Debug|Any CPU
		{CE08EFC6-398A-437B-AEF5-407F699862B6}.Debug|Any CPU.Build.0 = Debug|Any CPU
		{CE08EFC6-398A-437B-AEF5-407F699862B6}.Release|Any CPU.ActiveCfg = Release|Any CPU
		{CE08EFC6-398A-437B-AEF5-407F699862B6}.Release|Any CPU.Build.0 = Release|Any CPU
		{3F3D67D4-FD8B-449E-AD37-370B7121D666}.Debug|Any CPU.ActiveCfg = Debug|Any CPU
		{3F3D67D4-FD8B-449E-AD37-370B7121D666}.Debug|Any CPU.Build.0 = Debug|Any CPU
		{3F3D67D4-FD8B-449E-AD37-370B7121D666}.Release|Any CPU.ActiveCfg = Release|Any CPU
		{3F3D67D4-FD8B-449E-AD37-370B7121D666}.Release|Any CPU.Build.0 = Release|Any CPU
		{CBA17405-2DC3-4B9A-80AC-135005B648C2}.Debug|Any CPU.ActiveCfg = Debug|Any CPU
		{CBA17405-2DC3-4B9A-80AC-135005B648C2}.Debug|Any CPU.Build.0 = Debug|Any CPU
		{CBA17405-2DC3-4B9A-80AC-135005B648C2}.Release|Any CPU.ActiveCfg = Release|Any CPU
		{CBA17405-2DC3-4B9A-80AC-135005B648C2}.Release|Any CPU.Build.0 = Release|Any CPU
	EndGlobalSection
	GlobalSection(SolutionProperties) = preSolution
		HideSolutionNode = FALSE
	EndGlobalSection
	GlobalSection(ExtensibilityGlobals) = postSolution
		SolutionGuid = {FEEB7FCC-8700-49E5-81B2-E2FB88208DE3}
	EndGlobalSection
EndGlobal
